
Microsoft Visual Studio Solution File, Format Version 12.00
# Visual Studio Version 16
VisualStudioVersion = 16.0.28729.10
MinimumVisualStudioVersion = 10.0.40219.1
Project("{FAE04EC0-301F-11D3-BF4B-00C04F79EFBC}") = "memoApi", "memoApi\memoApi.csproj", "{6E59EF86-FB37-4DEE-9358-ADBD408E269C}"
EndProject
Global
	GlobalSection(SolutionConfigurationPlatforms) = preSolution
		Debug|Any CPU = Debug|Any CPU
		Release|Any CPU = Release|Any CPU
	EndGlobalSection
	GlobalSection(ProjectConfigurationPlatforms) = postSolution
		{6E59EF86-FB37-4DEE-9358-ADBD408E269C}.Debug|Any CPU.ActiveCfg = Debug|Any CPU
		{6E59EF86-FB37-4DEE-9358-ADBD408E269C}.Debug|Any CPU.Build.0 = Debug|Any CPU
		{6E59EF86-FB37-4DEE-9358-ADBD408E269C}.Release|Any CPU.ActiveCfg = Release|Any CPU
		{6E59EF86-FB37-4DEE-9358-ADBD408E269C}.Release|Any CPU.Build.0 = Release|Any CPU
	EndGlobalSection
	GlobalSection(SolutionProperties) = preSolution
		HideSolutionNode = FALSE
	EndGlobalSection
	GlobalSection(ExtensibilityGlobals) = postSolution
		SolutionGuid = {37303A4D-5714-4532-B3F0-0FFB89FD15C8}
	EndGlobalSection
EndGlobal
